{
  "name": "l3a",
  "version": "1.0.0",
  "lockfileVersion": 3,
  "requires": true,
  "packages": {
    "": {
      "name": "l3a",
      "version": "1.0.0",
      "license": "ISC",
      "dependencies": {
        "texttoolkit": "^1.0.0"
      }
    },
    "node_modules/texttoolkit": {
      "version": "1.0.0",
      "resolved": "https://registry.npmjs.org/texttoolkit/-/texttoolkit-1.0.0.tgz",
      "integrity": "sha512-ieDs0G5NvPKm25g+VYM3QoLfgH0ncpFE3MybLcUl7XLdu+oNO4UCR5QXSrLNTNPEkFhzX4SVgX50oqiVup8LQw==",
      "license": "MIT"
    }
  }
}
